
Microsoft Visual Studio Solution File, Format Version 12.00
# Visual Studio 14
VisualStudioVersion = 14.0.25420.1
MinimumVisualStudioVersion = 10.0.40219.1
Project("{FAE04EC0-301F-11D3-BF4B-00C04F79EFBC}") = "EMS.Web.UI", "EMS.Web.UI\EMS.Web.UI.csproj", "{E94DB73A-6507-49B3-816E-CCBC69B9CEFF}"
EndProject
Project("{FAE04EC0-301F-11D3-BF4B-00C04F79EFBC}") = "EMS.Security", "EMS.Security\EMS.Security.csproj", "{4D99CB9F-B92E-4176-B942-6D05E36AD5AD}"
EndProject
Project("{FAE04EC0-301F-11D3-BF4B-00C04F79EFBC}") = "EMS.Web.Framework", "EMS.Web.Framework\EMS.Web.Framework.csproj", "{BAF344BC-DEDA-43D5-ABDE-41ACF5A86019}"
EndProject
Project("{FAE04EC0-301F-11D3-BF4B-00C04F79EFBC}") = "EMS.DataAccess", "EMS.DataAccess\EMS.DataAccess.csproj", "{772BF7CE-F2A1-466D-883D-CD3D19AF8AE4}"
EndProject
Project("{2150E333-8FDC-42A3-9474-1A3956D46DE8}") = "Framework", "Framework", "{5F3152C4-FF6B-4729-9C40-48E21E27AA5F}"
EndProject
Project("{2150E333-8FDC-42A3-9474-1A3956D46DE8}") = "Web", "Web", "{177185FF-9756-4811-8EFE-9BBF636E8BD1}"
EndProject
Project("{2150E333-8FDC-42A3-9474-1A3956D46DE8}") = "WebTest", "WebTest", "{ABEB8145-E32A-4FB9-A72D-B2B5DE70BC5C}"
EndProject
Project("{FAE04EC0-301F-11D3-BF4B-00C04F79EFBC}") = "Themes.Admin", "BeyondThemes.BeyondAdmin\Themes.Admin.csproj", "{5F1FB09A-9139-4D4C-8D41-EEFAD3F46DF0}"
EndProject
Project("{FAE04EC0-301F-11D3-BF4B-00C04F79EFBC}") = "EMS.Facade", "EMS.Facade\EMS.Facade.csproj", "{DA0DB7B3-290B-4DBC-A198-641BCC7249FA}"
EndProject
Project("{FAE04EC0-301F-11D3-BF4B-00C04F79EFBC}") = "EMS.Framework", "EMS.Framework\EMS.Framework.csproj", "{AB834801-EE9A-44A7-873A-9C9F123C02CE}"
EndProject
Project("{FAE04EC0-301F-11D3-BF4B-00C04F79EFBC}") = "EMS.Test.Win", "EMS.Test\EMS.Test.Win.csproj", "{4F4CB699-B4E7-4B5B-8830-8D1922D3E439}"
EndProject
Project("{FAE04EC0-301F-11D3-BF4B-00C04F79EFBC}") = "EMS.CoreLibrary", "EMS.CoreLibrary\EMS.CoreLibrary.csproj", "{C943AC10-D3E5-4BF4-9519-E3083DCD5035}"
EndProject
Project("{2150E333-8FDC-42A3-9474-1A3956D46DE8}") = "Reports", "Reports", "{ED5FE25E-2BBB-497E-9294-312213293E8F}"
EndProject
Project("{FAE04EC0-301F-11D3-BF4B-00C04F79EFBC}") = "EMS.Reporting", "EMS.Reporting\EMS.Reporting.csproj", "{8CF5B10D-31EA-4FD5-9C5C-EF051D5151D3}"
EndProject
Project("{FAE04EC0-301F-11D3-BF4B-00C04F79EFBC}") = "EMS.ReportFacade", "EMS.ReportFacade\EMS.ReportFacade.csproj", "{15D6F7EF-9BF9-4BE6-8623-F8B143BA24AF}"
EndProject
Project("{FAE04EC0-301F-11D3-BF4B-00C04F79EFBC}") = "EMS.OnlinePaymentProxy", "EMS.OnlinePaymentProxy\EMS.OnlinePaymentProxy.csproj", "{29C9ABE8-29A3-4F22-9D1C-9DCEED0DC3E3}"
EndProject
Project("{2150E333-8FDC-42A3-9474-1A3956D46DE8}") = "DataMigration", "DataMigration", "{91031F03-5511-489A-8996-7B5F78373E99}"
EndProject
Project("{FAE04EC0-301F-11D3-BF4B-00C04F79EFBC}") = "EMS.DataMigration.Win", "EMS.DataMigration.Win\EMS.DataMigration.Win.csproj", "{8348D18C-7A76-4AF2-8044-12ED1AC8186F}"
EndProject
Project("{FAE04EC0-301F-11D3-BF4B-00C04F79EFBC}") = "EMS.Communication", "EMS.Communication\EMS.Communication.csproj", "{1764C63E-06B0-4BBF-9CE4-32D9DE7CD9E9}"
EndProject
Project("{FAE04EC0-301F-11D3-BF4B-00C04F79EFBC}") = "EMS.Web.Jsons", "EMS.Web.Jsons\EMS.Web.Jsons.csproj", "{9757A87B-0AE2-4DE7-BF29-0D0EB3A3A6BF}"
EndProject
Project("{FAE04EC0-301F-11D3-BF4B-00C04F79EFBC}") = "EMS.DataService", "EMS.DataService\EMS.DataService.csproj", "{79B042A7-73B0-4EC8-A528-E540380B5508}"
EndProject
Project("{2150E333-8FDC-42A3-9474-1A3956D46DE8}") = "Data", "Data", "{D23A291B-8204-456F-A17C-2163BF8925A2}"
EndProject
Project("{FAE04EC0-301F-11D3-BF4B-00C04F79EFBC}") = "EMS.MARC", "EMS.MARC\EMS.MARC.csproj", "{D76C0576-2B55-4B45-82F5-97FAD347676C}"
EndProject
Global
	GlobalSection(SolutionConfigurationPlatforms) = preSolution
		Debug|Any CPU = Debug|Any CPU
		Debug|ARM = Debug|ARM
		Debug|x64 = Debug|x64
		Debug|x86 = Debug|x86
		Release|Any CPU = Release|Any CPU
		Release|ARM = Release|ARM
		Release|x64 = Release|x64
		Release|x86 = Release|x86
	EndGlobalSection
	GlobalSection(ProjectConfigurationPlatforms) = postSolution
		{E94DB73A-6507-49B3-816E-CCBC69B9CEFF}.Debug|Any CPU.ActiveCfg = Debug|Any CPU
		{E94DB73A-6507-49B3-816E-CCBC69B9CEFF}.Debug|Any CPU.Build.0 = Debug|Any CPU
		{E94DB73A-6507-49B3-816E-CCBC69B9CEFF}.Debug|ARM.ActiveCfg = Debug|Any CPU
		{E94DB73A-6507-49B3-816E-CCBC69B9CEFF}.Debug|ARM.Build.0 = Debug|Any CPU
		{E94DB73A-6507-49B3-816E-CCBC69B9CEFF}.Debug|x64.ActiveCfg = Debug|Any CPU
		{E94DB73A-6507-49B3-816E-CCBC69B9CEFF}.Debug|x64.Build.0 = Debug|Any CPU
		{E94DB73A-6507-49B3-816E-CCBC69B9CEFF}.Debug|x86.ActiveCfg = Debug|Any CPU
		{E94DB73A-6507-49B3-816E-CCBC69B9CEFF}.Debug|x86.Build.0 = Debug|Any CPU
		{E94DB73A-6507-49B3-816E-CCBC69B9CEFF}.Release|Any CPU.ActiveCfg = Release|Any CPU
		{E94DB73A-6507-49B3-816E-CCBC69B9CEFF}.Release|Any CPU.Build.0 = Release|Any CPU
		{E94DB73A-6507-49B3-816E-CCBC69B9CEFF}.Release|ARM.ActiveCfg = Release|Any CPU
		{E94DB73A-6507-49B3-816E-CCBC69B9CEFF}.Release|ARM.Build.0 = Release|Any CPU
		{E94DB73A-6507-49B3-816E-CCBC69B9CEFF}.Release|x64.ActiveCfg = Release|Any CPU
		{E94DB73A-6507-49B3-816E-CCBC69B9CEFF}.Release|x64.Build.0 = Release|Any CPU
		{E94DB73A-6507-49B3-816E-CCBC69B9CEFF}.Release|x86.ActiveCfg = Release|Any CPU
		{E94DB73A-6507-49B3-816E-CCBC69B9CEFF}.Release|x86.Build.0 = Release|Any CPU
		{4D99CB9F-B92E-4176-B942-6D05E36AD5AD}.Debug|Any CPU.ActiveCfg = Debug|Any CPU
		{4D99CB9F-B92E-4176-B942-6D05E36AD5AD}.Debug|Any CPU.Build.0 = Debug|Any CPU
		{4D99CB9F-B92E-4176-B942-6D05E36AD5AD}.Debug|ARM.ActiveCfg = Debug|Any CPU
		{4D99CB9F-B92E-4176-B942-6D05E36AD5AD}.Debug|ARM.Build.0 = Debug|Any CPU
		{4D99CB9F-B92E-4176-B942-6D05E36AD5AD}.Debug|x64.ActiveCfg = Debug|Any CPU
		{4D99CB9F-B92E-4176-B942-6D05E36AD5AD}.Debug|x64.Build.0 = Debug|Any CPU
		{4D99CB9F-B92E-4176-B942-6D05E36AD5AD}.Debug|x86.ActiveCfg = Debug|Any CPU
		{4D99CB9F-B92E-4176-B942-6D05E36AD5AD}.Debug|x86.Build.0 = Debug|Any CPU
		{4D99CB9F-B92E-4176-B942-6D05E36AD5AD}.Release|Any CPU.ActiveCfg = Release|Any CPU
		{4D99CB9F-B92E-4176-B942-6D05E36AD5AD}.Release|Any CPU.Build.0 = Release|Any CPU
		{4D99CB9F-B92E-4176-B942-6D05E36AD5AD}.Release|ARM.ActiveCfg = Release|Any CPU
		{4D99CB9F-B92E-4176-B942-6D05E36AD5AD}.Release|ARM.Build.0 = Release|Any CPU
		{4D99CB9F-B92E-4176-B942-6D05E36AD5AD}.Release|x64.ActiveCfg = Release|Any CPU
		{4D99CB9F-B92E-4176-B942-6D05E36AD5AD}.Release|x64.Build.0 = Release|Any CPU
		{4D99CB9F-B92E-4176-B942-6D05E36AD5AD}.Release|x86.ActiveCfg = Release|Any CPU
		{4D99CB9F-B92E-4176-B942-6D05E36AD5AD}.Release|x86.Build.0 = Release|Any CPU
		{BAF344BC-DEDA-43D5-ABDE-41ACF5A86019}.Debug|Any CPU.ActiveCfg = Debug|Any CPU
		{BAF344BC-DEDA-43D5-ABDE-41ACF5A86019}.Debug|Any CPU.Build.0 = Debug|Any CPU
		{BAF344BC-DEDA-43D5-ABDE-41ACF5A86019}.Debug|ARM.ActiveCfg = Debug|Any CPU
		{BAF344BC-DEDA-43D5-ABDE-41ACF5A86019}.Debug|ARM.Build.0 = Debug|Any CPU
		{BAF344BC-DEDA-43D5-ABDE-41ACF5A86019}.Debug|x64.ActiveCfg = Debug|Any CPU
		{BAF344BC-DEDA-43D5-ABDE-41ACF5A86019}.Debug|x64.Build.0 = Debug|Any CPU
		{BAF344BC-DEDA-43D5-ABDE-41ACF5A86019}.Debug|x86.ActiveCfg = Debug|Any CPU
		{BAF344BC-DEDA-43D5-ABDE-41ACF5A86019}.Debug|x86.Build.0 = Debug|Any CPU
		{BAF344BC-DEDA-43D5-ABDE-41ACF5A86019}.Release|Any CPU.ActiveCfg = Release|Any CPU
		{BAF344BC-DEDA-43D5-ABDE-41ACF5A86019}.Release|Any CPU.Build.0 = Release|Any CPU
		{BAF344BC-DEDA-43D5-ABDE-41ACF5A86019}.Release|ARM.ActiveCfg = Release|Any CPU
		{BAF344BC-DEDA-43D5-ABDE-41ACF5A86019}.Release|ARM.Build.0 = Release|Any CPU
		{BAF344BC-DEDA-43D5-ABDE-41ACF5A86019}.Release|x64.ActiveCfg = Release|Any CPU
		{BAF344BC-DEDA-43D5-ABDE-41ACF5A86019}.Release|x64.Build.0 = Release|Any CPU
		{BAF344BC-DEDA-43D5-ABDE-41ACF5A86019}.Release|x86.ActiveCfg = Release|Any CPU
		{BAF344BC-DEDA-43D5-ABDE-41ACF5A86019}.Release|x86.Build.0 = Release|Any CPU
		{772BF7CE-F2A1-466D-883D-CD3D19AF8AE4}.Debug|Any CPU.ActiveCfg = Debug|Any CPU
		{772BF7CE-F2A1-466D-883D-CD3D19AF8AE4}.Debug|Any CPU.Build.0 = Debug|Any CPU
		{772BF7CE-F2A1-466D-883D-CD3D19AF8AE4}.Debug|ARM.ActiveCfg = Debug|Any CPU
		{772BF7CE-F2A1-466D-883D-CD3D19AF8AE4}.Debug|ARM.Build.0 = Debug|Any CPU
		{772BF7CE-F2A1-466D-883D-CD3D19AF8AE4}.Debug|x64.ActiveCfg = Debug|Any CPU
		{772BF7CE-F2A1-466D-883D-CD3D19AF8AE4}.Debug|x64.Build.0 = Debug|Any CPU
		{772BF7CE-F2A1-466D-883D-CD3D19AF8AE4}.Debug|x86.ActiveCfg = Debug|Any CPU
		{772BF7CE-F2A1-466D-883D-CD3D19AF8AE4}.Debug|x86.Build.0 = Debug|Any CPU
		{772BF7CE-F2A1-466D-883D-CD3D19AF8AE4}.Release|Any CPU.ActiveCfg = Release|Any CPU
		{772BF7CE-F2A1-466D-883D-CD3D19AF8AE4}.Release|Any CPU.Build.0 = Release|Any CPU
		{772BF7CE-F2A1-466D-883D-CD3D19AF8AE4}.Release|ARM.ActiveCfg = Release|Any CPU
		{772BF7CE-F2A1-466D-883D-CD3D19AF8AE4}.Release|ARM.Build.0 = Release|Any CPU
		{772BF7CE-F2A1-466D-883D-CD3D19AF8AE4}.Release|x64.ActiveCfg = Release|Any CPU
		{772BF7CE-F2A1-466D-883D-CD3D19AF8AE4}.Release|x64.Build.0 = Release|Any CPU
		{772BF7CE-F2A1-466D-883D-CD3D19AF8AE4}.Release|x86.ActiveCfg = Release|Any CPU
		{772BF7CE-F2A1-466D-883D-CD3D19AF8AE4}.Release|x86.Build.0 = Release|Any CPU
		{5F1FB09A-9139-4D4C-8D41-EEFAD3F46DF0}.Debug|Any CPU.ActiveCfg = Debug|Any CPU
		{5F1FB09A-9139-4D4C-8D41-EEFAD3F46DF0}.Debug|Any CPU.Build.0 = Debug|Any CPU
		{5F1FB09A-9139-4D4C-8D41-EEFAD3F46DF0}.Debug|ARM.ActiveCfg = Debug|Any CPU
		{5F1FB09A-9139-4D4C-8D41-EEFAD3F46DF0}.Debug|ARM.Build.0 = Debug|Any CPU
		{5F1FB09A-9139-4D4C-8D41-EEFAD3F46DF0}.Debug|x64.ActiveCfg = Debug|Any CPU
		{5F1FB09A-9139-4D4C-8D41-EEFAD3F46DF0}.Debug|x64.Build.0 = Debug|Any CPU
		{5F1FB09A-9139-4D4C-8D41-EEFAD3F46DF0}.Debug|x86.ActiveCfg = Debug|Any CPU
		{5F1FB09A-9139-4D4C-8D41-EEFAD3F46DF0}.Debug|x86.Build.0 = Debug|Any CPU
		{5F1FB09A-9139-4D4C-8D41-EEFAD3F46DF0}.Release|Any CPU.ActiveCfg = Release|Any CPU
		{5F1FB09A-9139-4D4C-8D41-EEFAD3F46DF0}.Release|Any CPU.Build.0 = Release|Any CPU
		{5F1FB09A-9139-4D4C-8D41-EEFAD3F46DF0}.Release|ARM.ActiveCfg = Release|Any CPU
		{5F1FB09A-9139-4D4C-8D41-EEFAD3F46DF0}.Release|ARM.Build.0 = Release|Any CPU
		{5F1FB09A-9139-4D4C-8D41-EEFAD3F46DF0}.Release|x64.ActiveCfg = Release|Any CPU
		{5F1FB09A-9139-4D4C-8D41-EEFAD3F46DF0}.Release|x64.Build.0 = Release|Any CPU
		{5F1FB09A-9139-4D4C-8D41-EEFAD3F46DF0}.Release|x86.ActiveCfg = Release|Any CPU
		{5F1FB09A-9139-4D4C-8D41-EEFAD3F46DF0}.Release|x86.Build.0 = Release|Any CPU
		{DA0DB7B3-290B-4DBC-A198-641BCC7249FA}.Debug|Any CPU.ActiveCfg = Debug|Any CPU
		{DA0DB7B3-290B-4DBC-A198-641BCC7249FA}.Debug|Any CPU.Build.0 = Debug|Any CPU
		{DA0DB7B3-290B-4DBC-A198-641BCC7249FA}.Debug|ARM.ActiveCfg = Debug|Any CPU
		{DA0DB7B3-290B-4DBC-A198-641BCC7249FA}.Debug|ARM.Build.0 = Debug|Any CPU
		{DA0DB7B3-290B-4DBC-A198-641BCC7249FA}.Debug|x64.ActiveCfg = Debug|Any CPU
		{DA0DB7B3-290B-4DBC-A198-641BCC7249FA}.Debug|x64.Build.0 = Debug|Any CPU
		{DA0DB7B3-290B-4DBC-A198-641BCC7249FA}.Debug|x86.ActiveCfg = Debug|Any CPU
		{DA0DB7B3-290B-4DBC-A198-641BCC7249FA}.Debug|x86.Build.0 = Debug|Any CPU
		{DA0DB7B3-290B-4DBC-A198-641BCC7249FA}.Release|Any CPU.ActiveCfg = Release|Any CPU
		{DA0DB7B3-290B-4DBC-A198-641BCC7249FA}.Release|Any CPU.Build.0 = Release|Any CPU
		{DA0DB7B3-290B-4DBC-A198-641BCC7249FA}.Release|ARM.ActiveCfg = Release|Any CPU
		{DA0DB7B3-290B-4DBC-A198-641BCC7249FA}.Release|ARM.Build.0 = Release|Any CPU
		{DA0DB7B3-290B-4DBC-A198-641BCC7249FA}.Release|x64.ActiveCfg = Release|Any CPU
		{DA0DB7B3-290B-4DBC-A198-641BCC7249FA}.Release|x64.Build.0 = Release|Any CPU
		{DA0DB7B3-290B-4DBC-A198-641BCC7249FA}.Release|x86.ActiveCfg = Release|Any CPU
		{DA0DB7B3-290B-4DBC-A198-641BCC7249FA}.Release|x86.Build.0 = Release|Any CPU
		{AB834801-EE9A-44A7-873A-9C9F123C02CE}.Debug|Any CPU.ActiveCfg = Debug|Any CPU
		{AB834801-EE9A-44A7-873A-9C9F123C02CE}.Debug|Any CPU.Build.0 = Debug|Any CPU
		{AB834801-EE9A-44A7-873A-9C9F123C02CE}.Debug|ARM.ActiveCfg = Debug|Any CPU
		{AB834801-EE9A-44A7-873A-9C9F123C02CE}.Debug|ARM.Build.0 = Debug|Any CPU
		{AB834801-EE9A-44A7-873A-9C9F123C02CE}.Debug|x64.ActiveCfg = Debug|Any CPU
		{AB834801-EE9A-44A7-873A-9C9F123C02CE}.Debug|x64.Build.0 = Debug|Any CPU
		{AB834801-EE9A-44A7-873A-9C9F123C02CE}.Debug|x86.ActiveCfg = Debug|Any CPU
		{AB834801-EE9A-44A7-873A-9C9F123C02CE}.Debug|x86.Build.0 = Debug|Any CPU
		{AB834801-EE9A-44A7-873A-9C9F123C02CE}.Release|Any CPU.ActiveCfg = Release|Any CPU
		{AB834801-EE9A-44A7-873A-9C9F123C02CE}.Release|Any CPU.Build.0 = Release|Any CPU
		{AB834801-EE9A-44A7-873A-9C9F123C02CE}.Release|ARM.ActiveCfg = Release|Any CPU
		{AB834801-EE9A-44A7-873A-9C9F123C02CE}.Release|ARM.Build.0 = Release|Any CPU
		{AB834801-EE9A-44A7-873A-9C9F123C02CE}.Release|x64.ActiveCfg = Release|Any CPU
		{AB834801-EE9A-44A7-873A-9C9F123C02CE}.Release|x64.Build.0 = Release|Any CPU
		{AB834801-EE9A-44A7-873A-9C9F123C02CE}.Release|x86.ActiveCfg = Release|Any CPU
		{AB834801-EE9A-44A7-873A-9C9F123C02CE}.Release|x86.Build.0 = Release|Any CPU
		{4F4CB699-B4E7-4B5B-8830-8D1922D3E439}.Debug|Any CPU.ActiveCfg = Debug|Any CPU
		{4F4CB699-B4E7-4B5B-8830-8D1922D3E439}.Debug|Any CPU.Build.0 = Debug|Any CPU
		{4F4CB699-B4E7-4B5B-8830-8D1922D3E439}.Debug|ARM.ActiveCfg = Debug|Any CPU
		{4F4CB699-B4E7-4B5B-8830-8D1922D3E439}.Debug|ARM.Build.0 = Debug|Any CPU
		{4F4CB699-B4E7-4B5B-8830-8D1922D3E439}.Debug|x64.ActiveCfg = Debug|Any CPU
		{4F4CB699-B4E7-4B5B-8830-8D1922D3E439}.Debug|x64.Build.0 = Debug|Any CPU
		{4F4CB699-B4E7-4B5B-8830-8D1922D3E439}.Debug|x86.ActiveCfg = Debug|Any CPU
		{4F4CB699-B4E7-4B5B-8830-8D1922D3E439}.Debug|x86.Build.0 = Debug|Any CPU
		{4F4CB699-B4E7-4B5B-8830-8D1922D3E439}.Release|Any CPU.ActiveCfg = Release|Any CPU
		{4F4CB699-B4E7-4B5B-8830-8D1922D3E439}.Release|Any CPU.Build.0 = Release|Any CPU
		{4F4CB699-B4E7-4B5B-8830-8D1922D3E439}.Release|ARM.ActiveCfg = Release|Any CPU
		{4F4CB699-B4E7-4B5B-8830-8D1922D3E439}.Release|ARM.Build.0 = Release|Any CPU
		{4F4CB699-B4E7-4B5B-8830-8D1922D3E439}.Release|x64.ActiveCfg = Release|Any CPU
		{4F4CB699-B4E7-4B5B-8830-8D1922D3E439}.Release|x64.Build.0 = Release|Any CPU
		{4F4CB699-B4E7-4B5B-8830-8D1922D3E439}.Release|x86.ActiveCfg = Release|Any CPU
		{4F4CB699-B4E7-4B5B-8830-8D1922D3E439}.Release|x86.Build.0 = Release|Any CPU
		{C943AC10-D3E5-4BF4-9519-E3083DCD5035}.Debug|Any CPU.ActiveCfg = Debug|Any CPU
		{C943AC10-D3E5-4BF4-9519-E3083DCD5035}.Debug|Any CPU.Build.0 = Debug|Any CPU
		{C943AC10-D3E5-4BF4-9519-E3083DCD5035}.Debug|ARM.ActiveCfg = Debug|Any CPU
		{C943AC10-D3E5-4BF4-9519-E3083DCD5035}.Debug|ARM.Build.0 = Debug|Any CPU
		{C943AC10-D3E5-4BF4-9519-E3083DCD5035}.Debug|x64.ActiveCfg = Debug|Any CPU
		{C943AC10-D3E5-4BF4-9519-E3083DCD5035}.Debug|x64.Build.0 = Debug|Any CPU
		{C943AC10-D3E5-4BF4-9519-E3083DCD5035}.Debug|x86.ActiveCfg = Debug|Any CPU
		{C943AC10-D3E5-4BF4-9519-E3083DCD5035}.Debug|x86.Build.0 = Debug|Any CPU
		{C943AC10-D3E5-4BF4-9519-E3083DCD5035}.Release|Any CPU.ActiveCfg = Release|Any CPU
		{C943AC10-D3E5-4BF4-9519-E3083DCD5035}.Release|Any CPU.Build.0 = Release|Any CPU
		{C943AC10-D3E5-4BF4-9519-E3083DCD5035}.Release|ARM.ActiveCfg = Release|Any CPU
		{C943AC10-D3E5-4BF4-9519-E3083DCD5035}.Release|ARM.Build.0 = Release|Any CPU
		{C943AC10-D3E5-4BF4-9519-E3083DCD5035}.Release|x64.ActiveCfg = Release|Any CPU
		{C943AC10-D3E5-4BF4-9519-E3083DCD5035}.Release|x64.Build.0 = Release|Any CPU
		{C943AC10-D3E5-4BF4-9519-E3083DCD5035}.Release|x86.ActiveCfg = Release|Any CPU
		{C943AC10-D3E5-4BF4-9519-E3083DCD5035}.Release|x86.Build.0 = Release|Any CPU
		{8CF5B10D-31EA-4FD5-9C5C-EF051D5151D3}.Debug|Any CPU.ActiveCfg = Debug|Any CPU
		{8CF5B10D-31EA-4FD5-9C5C-EF051D5151D3}.Debug|Any CPU.Build.0 = Debug|Any CPU
		{8CF5B10D-31EA-4FD5-9C5C-EF051D5151D3}.Debug|ARM.ActiveCfg = Debug|Any CPU
		{8CF5B10D-31EA-4FD5-9C5C-EF051D5151D3}.Debug|ARM.Build.0 = Debug|Any CPU
		{8CF5B10D-31EA-4FD5-9C5C-EF051D5151D3}.Debug|x64.ActiveCfg = Debug|Any CPU
		{8CF5B10D-31EA-4FD5-9C5C-EF051D5151D3}.Debug|x64.Build.0 = Debug|Any CPU
		{8CF5B10D-31EA-4FD5-9C5C-EF051D5151D3}.Debug|x86.ActiveCfg = Debug|Any CPU
		{8CF5B10D-31EA-4FD5-9C5C-EF051D5151D3}.Debug|x86.Build.0 = Debug|Any CPU
		{8CF5B10D-31EA-4FD5-9C5C-EF051D5151D3}.Release|Any CPU.ActiveCfg = Release|Any CPU
		{8CF5B10D-31EA-4FD5-9C5C-EF051D5151D3}.Release|Any CPU.Build.0 = Release|Any CPU
		{8CF5B10D-31EA-4FD5-9C5C-EF051D5151D3}.Release|ARM.ActiveCfg = Release|Any CPU
		{8CF5B10D-31EA-4FD5-9C5C-EF051D5151D3}.Release|ARM.Build.0 = Release|Any CPU
		{8CF5B10D-31EA-4FD5-9C5C-EF051D5151D3}.Release|x64.ActiveCfg = Release|Any CPU
		{8CF5B10D-31EA-4FD5-9C5C-EF051D5151D3}.Release|x64.Build.0 = Release|Any CPU
		{8CF5B10D-31EA-4FD5-9C5C-EF051D5151D3}.Release|x86.ActiveCfg = Release|Any CPU
		{8CF5B10D-31EA-4FD5-9C5C-EF051D5151D3}.Release|x86.Build.0 = Release|Any CPU
		{15D6F7EF-9BF9-4BE6-8623-F8B143BA24AF}.Debug|Any CPU.ActiveCfg = Debug|Any CPU
		{15D6F7EF-9BF9-4BE6-8623-F8B143BA24AF}.Debug|Any CPU.Build.0 = Debug|Any CPU
		{15D6F7EF-9BF9-4BE6-8623-F8B143BA24AF}.Debug|ARM.ActiveCfg = Debug|Any CPU
		{15D6F7EF-9BF9-4BE6-8623-F8B143BA24AF}.Debug|ARM.Build.0 = Debug|Any CPU
		{15D6F7EF-9BF9-4BE6-8623-F8B143BA24AF}.Debug|x64.ActiveCfg = Debug|Any CPU
		{15D6F7EF-9BF9-4BE6-8623-F8B143BA24AF}.Debug|x64.Build.0 = Debug|Any CPU
		{15D6F7EF-9BF9-4BE6-8623-F8B143BA24AF}.Debug|x86.ActiveCfg = Debug|Any CPU
		{15D6F7EF-9BF9-4BE6-8623-F8B143BA24AF}.Debug|x86.Build.0 = Debug|Any CPU
		{15D6F7EF-9BF9-4BE6-8623-F8B143BA24AF}.Release|Any CPU.ActiveCfg = Release|Any CPU
		{15D6F7EF-9BF9-4BE6-8623-F8B143BA24AF}.Release|Any CPU.Build.0 = Release|Any CPU
		{15D6F7EF-9BF9-4BE6-8623-F8B143BA24AF}.Release|ARM.ActiveCfg = Release|Any CPU
		{15D6F7EF-9BF9-4BE6-8623-F8B143BA24AF}.Release|ARM.Build.0 = Release|Any CPU
		{15D6F7EF-9BF9-4BE6-8623-F8B143BA24AF}.Release|x64.ActiveCfg = Release|Any CPU
		{15D6F7EF-9BF9-4BE6-8623-F8B143BA24AF}.Release|x64.Build.0 = Release|Any CPU
		{15D6F7EF-9BF9-4BE6-8623-F8B143BA24AF}.Release|x86.ActiveCfg = Release|Any CPU
		{15D6F7EF-9BF9-4BE6-8623-F8B143BA24AF}.Release|x86.Build.0 = Release|Any CPU
		{29C9ABE8-29A3-4F22-9D1C-9DCEED0DC3E3}.Debug|Any CPU.ActiveCfg = Debug|Any CPU
		{29C9ABE8-29A3-4F22-9D1C-9DCEED0DC3E3}.Debug|Any CPU.Build.0 = Debug|Any CPU
		{29C9ABE8-29A3-4F22-9D1C-9DCEED0DC3E3}.Debug|ARM.ActiveCfg = Debug|Any CPU
		{29C9ABE8-29A3-4F22-9D1C-9DCEED0DC3E3}.Debug|ARM.Build.0 = Debug|Any CPU
		{29C9ABE8-29A3-4F22-9D1C-9DCEED0DC3E3}.Debug|x64.ActiveCfg = Debug|Any CPU
		{29C9ABE8-29A3-4F22-9D1C-9DCEED0DC3E3}.Debug|x64.Build.0 = Debug|Any CPU
		{29C9ABE8-29A3-4F22-9D1C-9DCEED0DC3E3}.Debug|x86.ActiveCfg = Debug|Any CPU
		{29C9ABE8-29A3-4F22-9D1C-9DCEED0DC3E3}.Debug|x86.Build.0 = Debug|Any CPU
		{29C9ABE8-29A3-4F22-9D1C-9DCEED0DC3E3}.Release|Any CPU.ActiveCfg = Release|Any CPU
		{29C9ABE8-29A3-4F22-9D1C-9DCEED0DC3E3}.Release|Any CPU.Build.0 = Release|Any CPU
		{29C9ABE8-29A3-4F22-9D1C-9DCEED0DC3E3}.Release|ARM.ActiveCfg = Release|Any CPU
		{29C9ABE8-29A3-4F22-9D1C-9DCEED0DC3E3}.Release|ARM.Build.0 = Release|Any CPU
		{29C9ABE8-29A3-4F22-9D1C-9DCEED0DC3E3}.Release|x64.ActiveCfg = Release|Any CPU
		{29C9ABE8-29A3-4F22-9D1C-9DCEED0DC3E3}.Release|x64.Build.0 = Release|Any CPU
		{29C9ABE8-29A3-4F22-9D1C-9DCEED0DC3E3}.Release|x86.ActiveCfg = Release|Any CPU
		{29C9ABE8-29A3-4F22-9D1C-9DCEED0DC3E3}.Release|x86.Build.0 = Release|Any CPU
		{8348D18C-7A76-4AF2-8044-12ED1AC8186F}.Debug|Any CPU.ActiveCfg = Debug|Any CPU
		{8348D18C-7A76-4AF2-8044-12ED1AC8186F}.Debug|Any CPU.Build.0 = Debug|Any CPU
		{8348D18C-7A76-4AF2-8044-12ED1AC8186F}.Debug|ARM.ActiveCfg = Debug|Any CPU
		{8348D18C-7A76-4AF2-8044-12ED1AC8186F}.Debug|ARM.Build.0 = Debug|Any CPU
		{8348D18C-7A76-4AF2-8044-12ED1AC8186F}.Debug|x64.ActiveCfg = Debug|Any CPU
		{8348D18C-7A76-4AF2-8044-12ED1AC8186F}.Debug|x64.Build.0 = Debug|Any CPU
		{8348D18C-7A76-4AF2-8044-12ED1AC8186F}.Debug|x86.ActiveCfg = Debug|Any CPU
		{8348D18C-7A76-4AF2-8044-12ED1AC8186F}.Debug|x86.Build.0 = Debug|Any CPU
		{8348D18C-7A76-4AF2-8044-12ED1AC8186F}.Release|Any CPU.ActiveCfg = Release|Any CPU
		{8348D18C-7A76-4AF2-8044-12ED1AC8186F}.Release|Any CPU.Build.0 = Release|Any CPU
		{8348D18C-7A76-4AF2-8044-12ED1AC8186F}.Release|ARM.ActiveCfg = Release|Any CPU
		{8348D18C-7A76-4AF2-8044-12ED1AC8186F}.Release|ARM.Build.0 = Release|Any CPU
		{8348D18C-7A76-4AF2-8044-12ED1AC8186F}.Release|x64.ActiveCfg = Release|Any CPU
		{8348D18C-7A76-4AF2-8044-12ED1AC8186F}.Release|x64.Build.0 = Release|Any CPU
		{8348D18C-7A76-4AF2-8044-12ED1AC8186F}.Release|x86.ActiveCfg = Release|Any CPU
		{8348D18C-7A76-4AF2-8044-12ED1AC8186F}.Release|x86.Build.0 = Release|Any CPU
		{1764C63E-06B0-4BBF-9CE4-32D9DE7CD9E9}.Debug|Any CPU.ActiveCfg = Debug|Any CPU
		{1764C63E-06B0-4BBF-9CE4-32D9DE7CD9E9}.Debug|Any CPU.Build.0 = Debug|Any CPU
		{1764C63E-06B0-4BBF-9CE4-32D9DE7CD9E9}.Debug|ARM.ActiveCfg = Debug|Any CPU
		{1764C63E-06B0-4BBF-9CE4-32D9DE7CD9E9}.Debug|ARM.Build.0 = Debug|Any CPU
		{1764C63E-06B0-4BBF-9CE4-32D9DE7CD9E9}.Debug|x64.ActiveCfg = Debug|Any CPU
		{1764C63E-06B0-4BBF-9CE4-32D9DE7CD9E9}.Debug|x64.Build.0 = Debug|Any CPU
		{1764C63E-06B0-4BBF-9CE4-32D9DE7CD9E9}.Debug|x86.ActiveCfg = Debug|Any CPU
		{1764C63E-06B0-4BBF-9CE4-32D9DE7CD9E9}.Debug|x86.Build.0 = Debug|Any CPU
		{1764C63E-06B0-4BBF-9CE4-32D9DE7CD9E9}.Release|Any CPU.ActiveCfg = Release|Any CPU
		{1764C63E-06B0-4BBF-9CE4-32D9DE7CD9E9}.Release|Any CPU.Build.0 = Release|Any CPU
		{1764C63E-06B0-4BBF-9CE4-32D9DE7CD9E9}.Release|ARM.ActiveCfg = Release|Any CPU
		{1764C63E-06B0-4BBF-9CE4-32D9DE7CD9E9}.Release|ARM.Build.0 = Release|Any CPU
		{1764C63E-06B0-4BBF-9CE4-32D9DE7CD9E9}.Release|x64.ActiveCfg = Release|Any CPU
		{1764C63E-06B0-4BBF-9CE4-32D9DE7CD9E9}.Release|x64.Build.0 = Release|Any CPU
		{1764C63E-06B0-4BBF-9CE4-32D9DE7CD9E9}.Release|x86.ActiveCfg = Release|Any CPU
		{1764C63E-06B0-4BBF-9CE4-32D9DE7CD9E9}.Release|x86.Build.0 = Release|Any CPU
		{9757A87B-0AE2-4DE7-BF29-0D0EB3A3A6BF}.Debug|Any CPU.ActiveCfg = Debug|Any CPU
		{9757A87B-0AE2-4DE7-BF29-0D0EB3A3A6BF}.Debug|Any CPU.Build.0 = Debug|Any CPU
		{9757A87B-0AE2-4DE7-BF29-0D0EB3A3A6BF}.Debug|ARM.ActiveCfg = Debug|Any CPU
		{9757A87B-0AE2-4DE7-BF29-0D0EB3A3A6BF}.Debug|ARM.Build.0 = Debug|Any CPU
		{9757A87B-0AE2-4DE7-BF29-0D0EB3A3A6BF}.Debug|x64.ActiveCfg = Debug|Any CPU
		{9757A87B-0AE2-4DE7-BF29-0D0EB3A3A6BF}.Debug|x64.Build.0 = Debug|Any CPU
		{9757A87B-0AE2-4DE7-BF29-0D0EB3A3A6BF}.Debug|x86.ActiveCfg = Debug|Any CPU
		{9757A87B-0AE2-4DE7-BF29-0D0EB3A3A6BF}.Debug|x86.Build.0 = Debug|Any CPU
		{9757A87B-0AE2-4DE7-BF29-0D0EB3A3A6BF}.Release|Any CPU.ActiveCfg = Release|Any CPU
		{9757A87B-0AE2-4DE7-BF29-0D0EB3A3A6BF}.Release|Any CPU.Build.0 = Release|Any CPU
		{9757A87B-0AE2-4DE7-BF29-0D0EB3A3A6BF}.Release|ARM.ActiveCfg = Release|Any CPU
		{9757A87B-0AE2-4DE7-BF29-0D0EB3A3A6BF}.Release|ARM.Build.0 = Release|Any CPU
		{9757A87B-0AE2-4DE7-BF29-0D0EB3A3A6BF}.Release|x64.ActiveCfg = Release|Any CPU
		{9757A87B-0AE2-4DE7-BF29-0D0EB3A3A6BF}.Release|x64.Build.0 = Release|Any CPU
		{9757A87B-0AE2-4DE7-BF29-0D0EB3A3A6BF}.Release|x86.ActiveCfg = Release|Any CPU
		{9757A87B-0AE2-4DE7-BF29-0D0EB3A3A6BF}.Release|x86.Build.0 = Release|Any CPU
		{79B042A7-73B0-4EC8-A528-E540380B5508}.Debug|Any CPU.ActiveCfg = Debug|Any CPU
		{79B042A7-73B0-4EC8-A528-E540380B5508}.Debug|Any CPU.Build.0 = Debug|Any CPU
		{79B042A7-73B0-4EC8-A528-E540380B5508}.Debug|ARM.ActiveCfg = Debug|Any CPU
		{79B042A7-73B0-4EC8-A528-E540380B5508}.Debug|ARM.Build.0 = Debug|Any CPU
		{79B042A7-73B0-4EC8-A528-E540380B5508}.Debug|x64.ActiveCfg = Debug|Any CPU
		{79B042A7-73B0-4EC8-A528-E540380B5508}.Debug|x64.Build.0 = Debug|Any CPU
		{79B042A7-73B0-4EC8-A528-E540380B5508}.Debug|x86.ActiveCfg = Debug|Any CPU
		{79B042A7-73B0-4EC8-A528-E540380B5508}.Debug|x86.Build.0 = Debug|Any CPU
		{79B042A7-73B0-4EC8-A528-E540380B5508}.Release|Any CPU.ActiveCfg = Release|Any CPU
		{79B042A7-73B0-4EC8-A528-E540380B5508}.Release|Any CPU.Build.0 = Release|Any CPU
		{79B042A7-73B0-4EC8-A528-E540380B5508}.Release|ARM.ActiveCfg = Release|Any CPU
		{79B042A7-73B0-4EC8-A528-E540380B5508}.Release|ARM.Build.0 = Release|Any CPU
		{79B042A7-73B0-4EC8-A528-E540380B5508}.Release|x64.ActiveCfg = Release|Any CPU
		{79B042A7-73B0-4EC8-A528-E540380B5508}.Release|x64.Build.0 = Release|Any CPU
		{79B042A7-73B0-4EC8-A528-E540380B5508}.Release|x86.ActiveCfg = Release|Any CPU
		{79B042A7-73B0-4EC8-A528-E540380B5508}.Release|x86.Build.0 = Release|Any CPU
		{D76C0576-2B55-4B45-82F5-97FAD347676C}.Debug|Any CPU.ActiveCfg = Debug|Any CPU
		{D76C0576-2B55-4B45-82F5-97FAD347676C}.Debug|Any CPU.Build.0 = Debug|Any CPU
		{D76C0576-2B55-4B45-82F5-97FAD347676C}.Debug|ARM.ActiveCfg = Debug|Any CPU
		{D76C0576-2B55-4B45-82F5-97FAD347676C}.Debug|ARM.Build.0 = Debug|Any CPU
		{D76C0576-2B55-4B45-82F5-97FAD347676C}.Debug|x64.ActiveCfg = Debug|Any CPU
		{D76C0576-2B55-4B45-82F5-97FAD347676C}.Debug|x64.Build.0 = Debug|Any CPU
		{D76C0576-2B55-4B45-82F5-97FAD347676C}.Debug|x86.ActiveCfg = Debug|x86
		{D76C0576-2B55-4B45-82F5-97FAD347676C}.Debug|x86.Build.0 = Debug|x86
		{D76C0576-2B55-4B45-82F5-97FAD347676C}.Release|Any CPU.ActiveCfg = Release|Any CPU
		{D76C0576-2B55-4B45-82F5-97FAD347676C}.Release|Any CPU.Build.0 = Release|Any CPU
		{D76C0576-2B55-4B45-82F5-97FAD347676C}.Release|ARM.ActiveCfg = Release|Any CPU
		{D76C0576-2B55-4B45-82F5-97FAD347676C}.Release|ARM.Build.0 = Release|Any CPU
		{D76C0576-2B55-4B45-82F5-97FAD347676C}.Release|x64.ActiveCfg = Release|Any CPU
		{D76C0576-2B55-4B45-82F5-97FAD347676C}.Release|x64.Build.0 = Release|Any CPU
		{D76C0576-2B55-4B45-82F5-97FAD347676C}.Release|x86.ActiveCfg = Release|x86
		{D76C0576-2B55-4B45-82F5-97FAD347676C}.Release|x86.Build.0 = Release|x86
	EndGlobalSection
	GlobalSection(SolutionProperties) = preSolution
		HideSolutionNode = FALSE
	EndGlobalSection
	GlobalSection(NestedProjects) = preSolution
		{E94DB73A-6507-49B3-816E-CCBC69B9CEFF} = {177185FF-9756-4811-8EFE-9BBF636E8BD1}
		{4D99CB9F-B92E-4176-B942-6D05E36AD5AD} = {5F3152C4-FF6B-4729-9C40-48E21E27AA5F}
		{BAF344BC-DEDA-43D5-ABDE-41ACF5A86019} = {177185FF-9756-4811-8EFE-9BBF636E8BD1}
		{772BF7CE-F2A1-466D-883D-CD3D19AF8AE4} = {D23A291B-8204-456F-A17C-2163BF8925A2}
		{5F1FB09A-9139-4D4C-8D41-EEFAD3F46DF0} = {ABEB8145-E32A-4FB9-A72D-B2B5DE70BC5C}
		{DA0DB7B3-290B-4DBC-A198-641BCC7249FA} = {D23A291B-8204-456F-A17C-2163BF8925A2}
		{AB834801-EE9A-44A7-873A-9C9F123C02CE} = {5F3152C4-FF6B-4729-9C40-48E21E27AA5F}
		{4F4CB699-B4E7-4B5B-8830-8D1922D3E439} = {ABEB8145-E32A-4FB9-A72D-B2B5DE70BC5C}
		{C943AC10-D3E5-4BF4-9519-E3083DCD5035} = {5F3152C4-FF6B-4729-9C40-48E21E27AA5F}
		{8CF5B10D-31EA-4FD5-9C5C-EF051D5151D3} = {ED5FE25E-2BBB-497E-9294-312213293E8F}
		{15D6F7EF-9BF9-4BE6-8623-F8B143BA24AF} = {ED5FE25E-2BBB-497E-9294-312213293E8F}
		{29C9ABE8-29A3-4F22-9D1C-9DCEED0DC3E3} = {177185FF-9756-4811-8EFE-9BBF636E8BD1}
		{8348D18C-7A76-4AF2-8044-12ED1AC8186F} = {91031F03-5511-489A-8996-7B5F78373E99}
		{1764C63E-06B0-4BBF-9CE4-32D9DE7CD9E9} = {5F3152C4-FF6B-4729-9C40-48E21E27AA5F}
		{9757A87B-0AE2-4DE7-BF29-0D0EB3A3A6BF} = {177185FF-9756-4811-8EFE-9BBF636E8BD1}
		{79B042A7-73B0-4EC8-A528-E540380B5508} = {D23A291B-8204-456F-A17C-2163BF8925A2}
		{D76C0576-2B55-4B45-82F5-97FAD347676C} = {5F3152C4-FF6B-4729-9C40-48E21E27AA5F}
	EndGlobalSection
EndGlobal
